
Microsoft Visual Studio Solution File, Format Version 12.00
# Visual Studio Version 17
VisualStudioVersion = 17.7.34221.43
MinimumVisualStudioVersion = 10.0.40219.1
Project("{FAE04EC0-301F-11D3-BF4B-00C04F79EFBC}") = "VeriTipleri", "VeriTipleri\VeriTipleri.csproj", "{985A6BEF-AE0C-4087-8864-DD4E00F11207}"
EndProject
Global
	GlobalSection(SolutionConfigurationPlatforms) = preSolution
		Debug|Any CPU = Debug|Any CPU
		Release|Any CPU = Release|Any CPU
	EndGlobalSection
	GlobalSection(ProjectConfigurationPlatforms) = postSolution
		{985A6BEF-AE0C-4087-8864-DD4E00F11207}.Debug|Any CPU.ActiveCfg = Debug|Any CPU
		{985A6BEF-AE0C-4087-8864-DD4E00F11207}.Debug|Any CPU.Build.0 = Debug|Any CPU
		{985A6BEF-AE0C-4087-8864-DD4E00F11207}.Release|Any CPU.ActiveCfg = Release|Any CPU
		{985A6BEF-AE0C-4087-8864-DD4E00F11207}.Release|Any CPU.Build.0 = Release|Any CPU
	EndGlobalSection
	GlobalSection(SolutionProperties) = preSolution
		HideSolutionNode = FALSE
	EndGlobalSection
	GlobalSection(ExtensibilityGlobals) = postSolution
		SolutionGuid = {D09D6C15-2C6A-4C5C-ADF7-6301C2F0ADE2}
	EndGlobalSection
EndGlobal
